
Microsoft Visual Studio Solution File, Format Version 12.00
# Visual Studio Version 16
VisualStudioVersion = 16.0.32510.428
MinimumVisualStudioVersion = 10.0.40219.1
Project("{8BC9CEB8-8B4A-11D0-8D11-00A0C91BC942}") = "TuningDrone", "TuningDrone\TuningDrone.vcxproj", "{16575A34-648E-4482-8D57-9132B84BF1B3}"
EndProject
Global
	GlobalSection(SolutionConfigurationPlatforms) = preSolution
		Debug|x64 = Debug|x64
		Debug|x86 = Debug|x86
		Release|x64 = Release|x64
		Release|x86 = Release|x86
	EndGlobalSection
	GlobalSection(ProjectConfigurationPlatforms) = postSolution
		{16575A34-648E-4482-8D57-9132B84BF1B3}.Debug|x64.ActiveCfg = Debug|x64
		{16575A34-648E-4482-8D57-9132B84BF1B3}.Debug|x64.Build.0 = Debug|x64
		{16575A34-648E-4482-8D57-9132B84BF1B3}.Debug|x86.ActiveCfg = Debug|Win32
		{16575A34-648E-4482-8D57-9132B84BF1B3}.Debug|x86.Build.0 = Debug|Win32
		{16575A34-648E-4482-8D57-9132B84BF1B3}.Release|x64.ActiveCfg = Release|x64
		{16575A34-648E-4482-8D57-9132B84BF1B3}.Release|x64.Build.0 = Release|x64
		{16575A34-648E-4482-8D57-9132B84BF1B3}.Release|x86.ActiveCfg = Release|Win32
		{16575A34-648E-4482-8D57-9132B84BF1B3}.Release|x86.Build.0 = Release|Win32
	EndGlobalSection
	GlobalSection(SolutionProperties) = preSolution
		HideSolutionNode = FALSE
	EndGlobalSection
	GlobalSection(ExtensibilityGlobals) = postSolution
		SolutionGuid = {41124C57-861C-426B-8B7A-2B9AA528883D}
	EndGlobalSection
EndGlobal
